
Microsoft Visual Studio Solution File, Format Version 12.00
# Visual Studio 15
VisualStudioVersion = 15.0.26403.3
MinimumVisualStudioVersion = 10.0.40219.1
Project("{FAE04EC0-301F-11D3-BF4B-00C04F79EFBC}") = "library", "library\library.csproj", "{8F009096-569B-40E2-AF18-86F607712CB6}"
EndProject
Project("{FAE04EC0-301F-11D3-BF4B-00C04F79EFBC}") = "WindowsFormsApp1", "WindowsFormsApp1\WindowsFormsApp1.csproj", "{FFB6C074-DF06-4C03-9135-C656707C030C}"
EndProject
Global
	GlobalSection(SolutionConfigurationPlatforms) = preSolution
		Debug|Any CPU = Debug|Any CPU
		Release|Any CPU = Release|Any CPU
	EndGlobalSection
	GlobalSection(ProjectConfigurationPlatforms) = postSolution
		{8F009096-569B-40E2-AF18-86F607712CB6}.Debug|Any CPU.ActiveCfg = Debug|Any CPU
		{8F009096-569B-40E2-AF18-86F607712CB6}.Debug|Any CPU.Build.0 = Debug|Any CPU
		{8F009096-569B-40E2-AF18-86F607712CB6}.Release|Any CPU.ActiveCfg = Release|Any CPU
		{8F009096-569B-40E2-AF18-86F607712CB6}.Release|Any CPU.Build.0 = Release|Any CPU
		{FFB6C074-DF06-4C03-9135-C656707C030C}.Debug|Any CPU.ActiveCfg = Debug|Any CPU
		{FFB6C074-DF06-4C03-9135-C656707C030C}.Debug|Any CPU.Build.0 = Debug|Any CPU
		{FFB6C074-DF06-4C03-9135-C656707C030C}.Release|Any CPU.ActiveCfg = Release|Any CPU
		{FFB6C074-DF06-4C03-9135-C656707C030C}.Release|Any CPU.Build.0 = Release|Any CPU
	EndGlobalSection
	GlobalSection(SolutionProperties) = preSolution
		HideSolutionNode = FALSE
	EndGlobalSection
EndGlobal
